{
	"name": "alpheios-client-adapters",
	"version": "3.2.1-dev.4",
	"lockfileVersion": 1,
	"requires": true,
	"dependencies": {
		"alpheios-node-build": {
			"version": "github:alpheios-project/node-build#e5c9a69c86979a820458eef2c5bdbd74d010358c",
			"from": "github:alpheios-project/node-build#v2.0.0",
			"dev": true
		},
		"eslint-config-standard": {
			"version": "14.1.0",
			"resolved": "https://registry.npmjs.org/eslint-config-standard/-/eslint-config-standard-14.1.0.tgz",
			"integrity": "sha512-EF6XkrrGVbvv8hL/kYa/m6vnvmUT+K82pJJc4JJVMM6+Qgqh0pnwprSxdduDLB9p/7bIxD+YV5O0wfb8lmcPbA==",
			"dev": true
		}
	}
}
